// !$*UTF8*$!
{
	archiveVersion = 1;
	classes = {
	};
	objectVersion = 56;
	objects = {

/* Begin PBXBuildFile section */
		A10001 /* PulsedPhotonsProApp.swift in Sources */ = {isa = PBXBuildFile; fileRef = A20001; };
		A10002 /* ContentView.swift in Sources */ = {isa = PBXBuildFile; fileRef = A20002; };
		A10003 /* MetalView.swift in Sources */ = {isa = PBXBuildFile; fileRef = A20003; };
		A10004 /* Renderer.swift in Sources */ = {isa = PBXBuildFile; fileRef = A20004; };
		A10005 /* Shaders.metal in Sources */ = {isa = PBXBuildFile; fileRef = A20005; };
		A10006 /* Camera.swift in Sources */ = {isa = PBXBuildFile; fileRef = A20006; };
		A10030 /* GridRenderer.swift in Sources */ = {isa = PBXBuildFile; fileRef = A20030; };
		A10031 /* PointCloudWriter.swift in Sources */ = {isa = PBXBuildFile; fileRef = A20031; };
		A10032 /* PrivacyInfo.xcprivacy in Resources */ = {isa = PBXBuildFile; fileRef = A20032; };
		A10007 /* PointCloud.swift in Sources */ = {isa = PBXBuildFile; fileRef = A20007; };
		A10008 /* ViewModel.swift in Sources */ = {isa = PBXBuildFile; fileRef = A20008; };
		A10009 /* Assets.xcassets in Resources */ = {isa = PBXBuildFile; fileRef = A20009; };
		A10010 /* PLYParser.swift in Sources */ = {isa = PBXBuildFile; fileRef = A20010; };
		A10011 /* XYZParser.swift in Sources */ = {isa = PBXBuildFile; fileRef = A20011; };
		A10012 /* LASParser.swift in Sources */ = {isa = PBXBuildFile; fileRef = A20012; };
		A10013 /* ShaderTypes.h in Headers */ = {isa = PBXBuildFile; fileRef = A20013; };
		A10014 /* VisualizationMode.swift in Sources */ = {isa = PBXBuildFile; fileRef = A20014; };
		A10016 /* Toolbar.swift in Sources */ = {isa = PBXBuildFile; fileRef = A20016; };
		A10020 /* Theme.swift in Sources */ = {isa = PBXBuildFile; fileRef = A20020; };
		A10021 /* ExportOptions.swift in Sources */ = {isa = PBXBuildFile; fileRef = A20021; };
		A10017 /* Entitlements in Resources */ = {isa = PBXBuildFile; fileRef = A20017; };
/* End PBXBuildFile section */

/* Begin PBXFileReference section */
		A20001 /* PulsedPhotonsProApp.swift */ = {isa = PBXFileReference; lastKnownFileType = sourcecode.swift; path = PulsedPhotonsProApp.swift; sourceTree = "<group>"; };
		A20002 /* ContentView.swift */ = {isa = PBXFileReference; lastKnownFileType = sourcecode.swift; path = ContentView.swift; sourceTree = "<group>"; };
		A20003 /* MetalView.swift */ = {isa = PBXFileReference; lastKnownFileType = sourcecode.swift; path = MetalView.swift; sourceTree = "<group>"; };
		A20004 /* Renderer.swift */ = {isa = PBXFileReference; lastKnownFileType = sourcecode.swift; path = Renderer.swift; sourceTree = "<group>"; };
		A20005 /* Shaders.metal */ = {isa = PBXFileReference; lastKnownFileType = sourcecode.metal; path = Shaders.metal; sourceTree = "<group>"; };
		A20006 /* Camera.swift */ = {isa = PBXFileReference; lastKnownFileType = sourcecode.swift; path = Camera.swift; sourceTree = "<group>"; };
		A20030 /* GridRenderer.swift */ = {isa = PBXFileReference; lastKnownFileType = sourcecode.swift; path = GridRenderer.swift; sourceTree = "<group>"; };
		A20031 /* PointCloudWriter.swift */ = {isa = PBXFileReference; lastKnownFileType = sourcecode.swift; path = PointCloudWriter.swift; sourceTree = "<group>"; };
		A20032 /* PrivacyInfo.xcprivacy */ = {isa = PBXFileReference; lastKnownFileType = text.plist.xml; path = PrivacyInfo.xcprivacy; sourceTree = "<group>"; };
		A20033 /* Info.plist */ = {isa = PBXFileReference; lastKnownFileType = text.plist.xml; path = Info.plist; sourceTree = "<group>"; };
		A20007 /* PointCloud.swift */ = {isa = PBXFileReference; lastKnownFileType = sourcecode.swift; path = PointCloud.swift; sourceTree = "<group>"; };
		A20008 /* ViewModel.swift */ = {isa = PBXFileReference; lastKnownFileType = sourcecode.swift; path = ViewModel.swift; sourceTree = "<group>"; };
		A20009 /* Assets.xcassets */ = {isa = PBXFileReference; lastKnownFileType = folder.assetcatalog; path = Assets.xcassets; sourceTree = "<group>"; };
		A20010 /* PLYParser.swift */ = {isa = PBXFileReference; lastKnownFileType = sourcecode.swift; path = PLYParser.swift; sourceTree = "<group>"; };
		A20011 /* XYZParser.swift */ = {isa = PBXFileReference; lastKnownFileType = sourcecode.swift; path = XYZParser.swift; sourceTree = "<group>"; };
		A20012 /* LASParser.swift */ = {isa = PBXFileReference; lastKnownFileType = sourcecode.swift; path = LASParser.swift; sourceTree = "<group>"; };
		A20013 /* ShaderTypes.h */ = {isa = PBXFileReference; lastKnownFileType = sourcecode.c.h; path = ShaderTypes.h; sourceTree = "<group>"; };
		A20014 /* VisualizationMode.swift */ = {isa = PBXFileReference; lastKnownFileType = sourcecode.swift; path = VisualizationMode.swift; sourceTree = "<group>"; };
		A20016 /* Toolbar.swift */ = {isa = PBXFileReference; lastKnownFileType = sourcecode.swift; path = Toolbar.swift; sourceTree = "<group>"; };
		A20020 /* Theme.swift */ = {isa = PBXFileReference; lastKnownFileType = sourcecode.swift; path = Theme.swift; sourceTree = "<group>"; };
		A20021 /* ExportOptions.swift */ = {isa = PBXFileReference; lastKnownFileType = sourcecode.swift; path = ExportOptions.swift; sourceTree = "<group>"; };
		A20017 /* PulsedPhotonsPro.entitlements */ = {isa = PBXFileReference; lastKnownFileType = text.plist.entitlements; path = PulsedPhotonsPro.entitlements; sourceTree = "<group>"; };
		A20018 /* BridgingHeader.h */ = {isa = PBXFileReference; lastKnownFileType = sourcecode.c.h; path = BridgingHeader.h; sourceTree = "<group>"; };
		A30001 /* PulsedPhotonsPro.app */ = {isa = PBXFileReference; explicitFileType = wrapper.application; includeInIndex = 0; path = PulsedPhotonsPro.app; sourceTree = BUILT_PRODUCTS_DIR; };
/* End PBXFileReference section */

/* Begin PBXFrameworksBuildPhase section */
		A40001 /* Frameworks */ = {
			isa = PBXFrameworksBuildPhase;
			buildActionMask = 2147483647;
			files = (
			);
			runOnlyForDeploymentPostprocessing = 0;
		};
/* End PBXFrameworksBuildPhase section */

/* Begin PBXGroup section */
		A50001 = {
			isa = PBXGroup;
			children = (
				A50002 /* PulsedPhotonsPro */,
				A50003 /* Products */,
			);
			sourceTree = "<group>";
		};
		A50002 /* PulsedPhotonsPro */ = {
			isa = PBXGroup;
			children = (
				A50004 /* App */,
				A50005 /* Views */,
				A50006 /* Rendering */,
				A50007 /* Models */,
				A50008 /* Parsers */,
				A50009 /* Resources */,
			);
			path = PulsedPhotonsPro;
			sourceTree = "<group>";
		};
		A50003 /* Products */ = {
			isa = PBXGroup;
			children = (
				A30001 /* PulsedPhotonsPro.app */,
			);
			name = Products;
			sourceTree = "<group>";
		};
		A50004 /* App */ = {
			isa = PBXGroup;
			children = (
				A20001 /* PulsedPhotonsProApp.swift */,
				A20008 /* ViewModel.swift */,
			);
			path = App;
			sourceTree = "<group>";
		};
		A50005 /* Views */ = {
			isa = PBXGroup;
			children = (
				A20002 /* ContentView.swift */,
				A20003 /* MetalView.swift */,
				A20016 /* Toolbar.swift */,
				A20020 /* Theme.swift */,
				A20021 /* ExportOptions.swift */,
			);
			path = Views;
			sourceTree = "<group>";
		};
		A50006 /* Rendering */ = {
			isa = PBXGroup;
			children = (
				A20004 /* Renderer.swift */,
				A20005 /* Shaders.metal */,
				A20006 /* Camera.swift */,
				A20030 /* GridRenderer.swift */,
				A20013 /* ShaderTypes.h */,
				A20018 /* BridgingHeader.h */,
			);
			path = Rendering;
			sourceTree = "<group>";
		};
		A50007 /* Models */ = {
			isa = PBXGroup;
			children = (
				A20007 /* PointCloud.swift */,
				A20014 /* VisualizationMode.swift */,
			);
			path = Models;
			sourceTree = "<group>";
		};
		A50008 /* Parsers */ = {
			isa = PBXGroup;
			children = (
				A20010 /* PLYParser.swift */,
				A20011 /* XYZParser.swift */,
				A20012 /* LASParser.swift */,
				A20031 /* PointCloudWriter.swift */,
			);
			path = Parsers;
			sourceTree = "<group>";
		};
		A50009 /* Resources */ = {
			isa = PBXGroup;
			children = (
				A20009 /* Assets.xcassets */,
				A20017 /* PulsedPhotonsPro.entitlements */,
				A20032 /* PrivacyInfo.xcprivacy */,
				A20033 /* Info.plist */,
			);
			path = Resources;
			sourceTree = "<group>";
		};
/* End PBXGroup section */

/* Begin PBXHeadersBuildPhase section */
		A60001 /* Headers */ = {
			isa = PBXHeadersBuildPhase;
			buildActionMask = 2147483647;
			files = (
				A10013 /* ShaderTypes.h in Headers */,
			);
			runOnlyForDeploymentPostprocessing = 0;
		};
/* End PBXHeadersBuildPhase section */

/* Begin PBXNativeTarget section */
		A70001 /* PulsedPhotonsPro */ = {
			isa = PBXNativeTarget;
			buildConfigurationList = A80001;
			buildPhases = (
				A60001 /* Headers */,
				A90001 /* Sources */,
				A40001 /* Frameworks */,
				AA0001 /* Resources */,
			);
			buildRules = (
			);
			dependencies = (
			);
			name = PulsedPhotonsPro;
			productName = PulsedPhotonsPro;
			productReference = A30001 /* PulsedPhotonsPro.app */;
			productType = "com.apple.product-type.application";
		};
/* End PBXNativeTarget section */

/* Begin PBXProject section */
		AB0001 /* Project object */ = {
			isa = PBXProject;
			attributes = {
				BuildIndependentTargetsInParallel = 1;
				LastSwiftUpdateCheck = 1500;
				LastUpgradeCheck = 1500;
				TargetAttributes = {
					A70001 = {
						CreatedOnToolsVersion = 15.0;
					};
				};
			};
			buildConfigurationList = AC0001;
			compatibilityVersion = "Xcode 14.0";
			developmentRegion = en;
			hasScannedForEncodings = 0;
			knownRegions = (
				en,
				Base,
			);
			mainGroup = A50001;
			productRefGroup = A50003 /* Products */;
			projectDirPath = "";
			projectRoot = "";
			targets = (
				A70001 /* PulsedPhotonsPro */,
			);
		};
/* End PBXProject section */

/* Begin PBXResourcesBuildPhase section */
		AA0001 /* Resources */ = {
			isa = PBXResourcesBuildPhase;
			buildActionMask = 2147483647;
			files = (
				A10009 /* Assets.xcassets in Resources */,
				A10032 /* PrivacyInfo.xcprivacy in Resources */,
			);
			runOnlyForDeploymentPostprocessing = 0;
		};
/* End PBXResourcesBuildPhase section */

/* Begin PBXSourcesBuildPhase section */
		A90001 /* Sources */ = {
			isa = PBXSourcesBuildPhase;
			buildActionMask = 2147483647;
			files = (
				A10001 /* PulsedPhotonsProApp.swift in Sources */,
				A10002 /* ContentView.swift in Sources */,
				A10003 /* MetalView.swift in Sources */,
				A10004 /* Renderer.swift in Sources */,
				A10005 /* Shaders.metal in Sources */,
				A10006 /* Camera.swift in Sources */,
				A10030 /* GridRenderer.swift in Sources */,
				A10031 /* PointCloudWriter.swift in Sources */,
				A10007 /* PointCloud.swift in Sources */,
				A10008 /* ViewModel.swift in Sources */,
				A10010 /* PLYParser.swift in Sources */,
				A10011 /* XYZParser.swift in Sources */,
				A10012 /* LASParser.swift in Sources */,
				A10014 /* VisualizationMode.swift in Sources */,
				A10016 /* Toolbar.swift in Sources */,
				A10020 /* Theme.swift in Sources */,
				A10021 /* ExportOptions.swift in Sources */,
			);
			runOnlyForDeploymentPostprocessing = 0;
		};
/* End PBXSourcesBuildPhase section */

/* Begin XCBuildConfiguration section */
		AD0001 /* Debug */ = {
			isa = XCBuildConfiguration;
			buildSettings = {
				ALWAYS_SEARCH_USER_PATHS = NO;
				ASSETCATALOG_COMPILER_GENERATE_SWIFT_ASSET_SYMBOL_EXTENSIONS = YES;
				CLANG_ANALYZER_NONNULL = YES;
				CLANG_ANALYZER_NUMBER_OBJECT_CONVERSION = YES_AGGRESSIVE;
				CLANG_CXX_LANGUAGE_STANDARD = "gnu++20";
				CLANG_ENABLE_MODULES = YES;
				CLANG_ENABLE_OBJC_ARC = YES;
				CLANG_ENABLE_OBJC_WEAK = YES;
				CLANG_WARN_BLOCK_CAPTURE_AUTORELEASING = YES;
				CLANG_WARN_BOOL_CONVERSION = YES;
				CLANG_WARN_COMMA = YES;
				CLANG_WARN_CONSTANT_CONVERSION = YES;
				CLANG_WARN_DEPRECATED_OBJC_IMPLEMENTATIONS = YES;
				CLANG_WARN_DIRECT_OBJC_ISA_USAGE = YES_ERROR;
				CLANG_WARN_DOCUMENTATION_COMMENTS = YES;
				CLANG_WARN_EMPTY_BODY = YES;
				CLANG_WARN_ENUM_CONVERSION = YES;
				CLANG_WARN_INFINITE_RECURSION = YES;
				CLANG_WARN_INT_CONVERSION = YES;
				CLANG_WARN_NON_LITERAL_NULL_CONVERSION = YES;
				CLANG_WARN_OBJC_IMPLICIT_RETAIN_SELF = YES;
				CLANG_WARN_OBJC_LITERAL_CONVERSION = YES;
				CLANG_WARN_OBJC_ROOT_CLASS = YES_ERROR;
				CLANG_WARN_QUOTED_INCLUDE_IN_FRAMEWORK_HEADER = YES;
				CLANG_WARN_RANGE_LOOP_ANALYSIS = YES;
				CLANG_WARN_STRICT_PROTOTYPES = YES;
				CLANG_WARN_SUSPICIOUS_MOVE = YES;
				CLANG_WARN_UNGUARDED_AVAILABILITY = YES_AGGRESSIVE;
				CLANG_WARN_UNREACHABLE_CODE = YES;
				CLANG_WARN__DUPLICATE_METHOD_MATCH = YES;
				COPY_PHASE_STRIP = NO;
				DEBUG_INFORMATION_FORMAT = dwarf;
				ENABLE_STRICT_OBJC_MSGSEND = YES;
				ENABLE_TESTABILITY = YES;
				ENABLE_USER_SCRIPT_SANDBOXING = YES;
				GCC_C_LANGUAGE_STANDARD = gnu17;
				GCC_DYNAMIC_NO_PIC = NO;
				GCC_NO_COMMON_BLOCKS = YES;
				GCC_OPTIMIZATION_LEVEL = 0;
				GCC_PREPROCESSOR_DEFINITIONS = (
					"DEBUG=1",
					"$(inherited)",
				);
				GCC_WARN_64_TO_32_BIT_CONVERSION = YES;
				GCC_WARN_ABOUT_RETURN_TYPE = YES_ERROR;
				GCC_WARN_UNDECLARED_SELECTOR = YES;
				GCC_WARN_UNINITIALIZED_AUTOS = YES_AGGRESSIVE;
				GCC_WARN_UNUSED_FUNCTION = YES;
				GCC_WARN_UNUSED_VARIABLE = YES;
				LOCALIZATION_PREFERS_STRING_CATALOGS = YES;
				MACOSX_DEPLOYMENT_TARGET = 14.0;
				MTL_ENABLE_DEBUG_INFO = INCLUDE_SOURCE;
				MTL_FAST_MATH = YES;
				ONLY_ACTIVE_ARCH = YES;
				SDKROOT = macosx;
				SWIFT_ACTIVE_COMPILATION_CONDITIONS = "DEBUG $(inherited)";
				SWIFT_OPTIMIZATION_LEVEL = "-Onone";
			};
			name = Debug;
		};
		AD0002 /* Release */ = {
			isa = XCBuildConfiguration;
			buildSettings = {
				ALWAYS_SEARCH_USER_PATHS = NO;
				ASSETCATALOG_COMPILER_GENERATE_SWIFT_ASSET_SYMBOL_EXTENSIONS = YES;
				CLANG_ANALYZER_NONNULL = YES;
				CLANG_ANALYZER_NUMBER_OBJECT_CONVERSION = YES_AGGRESSIVE;
				CLANG_CXX_LANGUAGE_STANDARD = "gnu++20";
				CLANG_ENABLE_MODULES = YES;
				CLANG_ENABLE_OBJC_ARC = YES;
				CLANG_ENABLE_OBJC_WEAK = YES;
				CLANG_WARN_BLOCK_CAPTURE_AUTORELEASING = YES;
				CLANG_WARN_BOOL_CONVERSION = YES;
				CLANG_WARN_COMMA = YES;
				CLANG_WARN_CONSTANT_CONVERSION = YES;
				CLANG_WARN_DEPRECATED_OBJC_IMPLEMENTATIONS = YES;
				CLANG_WARN_DIRECT_OBJC_ISA_USAGE = YES_ERROR;
				CLANG_WARN_DOCUMENTATION_COMMENTS = YES;
				CLANG_WARN_EMPTY_BODY = YES;
				CLANG_WARN_ENUM_CONVERSION = YES;
				CLANG_WARN_INFINITE_RECURSION = YES;
				CLANG_WARN_INT_CONVERSION = YES;
				CLANG_WARN_NON_LITERAL_NULL_CONVERSION = YES;
				CLANG_WARN_OBJC_IMPLICIT_RETAIN_SELF = YES;
				CLANG_WARN_OBJC_LITERAL_CONVERSION = YES;
				CLANG_WARN_OBJC_ROOT_CLASS = YES_ERROR;
				CLANG_WARN_QUOTED_INCLUDE_IN_FRAMEWORK_HEADER = YES;
				CLANG_WARN_RANGE_LOOP_ANALYSIS = YES;
				CLANG_WARN_STRICT_PROTOTYPES = YES;
				CLANG_WARN_SUSPICIOUS_MOVE = YES;
				CLANG_WARN_UNGUARDED_AVAILABILITY = YES_AGGRESSIVE;
				CLANG_WARN_UNREACHABLE_CODE = YES;
				CLANG_WARN__DUPLICATE_METHOD_MATCH = YES;
				COPY_PHASE_STRIP = NO;
				DEBUG_INFORMATION_FORMAT = "dwarf-with-dsym";
				ENABLE_NS_ASSERTIONS = NO;
				ENABLE_STRICT_OBJC_MSGSEND = YES;
				ENABLE_USER_SCRIPT_SANDBOXING = YES;
				GCC_C_LANGUAGE_STANDARD = gnu17;
				GCC_NO_COMMON_BLOCKS = YES;
				GCC_WARN_64_TO_32_BIT_CONVERSION = YES;
				GCC_WARN_ABOUT_RETURN_TYPE = YES_ERROR;
				GCC_WARN_UNDECLARED_SELECTOR = YES;
				GCC_WARN_UNINITIALIZED_AUTOS = YES_AGGRESSIVE;
				GCC_WARN_UNUSED_FUNCTION = YES;
				GCC_WARN_UNUSED_VARIABLE = YES;
				LOCALIZATION_PREFERS_STRING_CATALOGS = YES;
				MACOSX_DEPLOYMENT_TARGET = 14.0;
				MTL_ENABLE_DEBUG_INFO = NO;
				MTL_FAST_MATH = YES;
				SDKROOT = macosx;
				SWIFT_COMPILATION_MODE = wholemodule;
			};
			name = Release;
		};
		AE0001 /* Debug */ = {
			isa = XCBuildConfiguration;
			buildSettings = {
				ASSETCATALOG_COMPILER_APPICON_NAME = AppIcon;
				ASSETCATALOG_COMPILER_GLOBAL_ACCENT_COLOR_NAME = AccentColor;
				CODE_SIGN_ENTITLEMENTS = PulsedPhotonsPro/Resources/PulsedPhotonsPro.entitlements;
				CODE_SIGN_STYLE = Automatic;
				COMBINE_HIDPI_IMAGES = YES;
				CURRENT_PROJECT_VERSION = 1;
				DEVELOPMENT_TEAM = "";
				ENABLE_HARDENED_RUNTIME = YES;
				GENERATE_INFOPLIST_FILE = YES;
				INFOPLIST_FILE = PulsedPhotonsPro/Resources/Info.plist;
				INFOPLIST_KEY_LSApplicationCategoryType = "public.app-category.graphics-design";
				INFOPLIST_KEY_NSHumanReadableCopyright = "Copyright © 2026 Asad Khan. All rights reserved.";
				LD_RUNPATH_SEARCH_PATHS = (
					"$(inherited)",
					"@executable_path/../Frameworks",
				);
				MARKETING_VERSION = 1.0;
				PRODUCT_BUNDLE_IDENTIFIER = com.pulsedphotons.pro;
				PRODUCT_NAME = "$(TARGET_NAME)";
				SWIFT_EMIT_LOC_STRINGS = YES;
				SWIFT_OBJC_BRIDGING_HEADER = "PulsedPhotonsPro/Rendering/BridgingHeader.h";
				SWIFT_VERSION = 5.0;
			};
			name = Debug;
		};
		AE0002 /* Release */ = {
			isa = XCBuildConfiguration;
			buildSettings = {
				ASSETCATALOG_COMPILER_APPICON_NAME = AppIcon;
				ASSETCATALOG_COMPILER_GLOBAL_ACCENT_COLOR_NAME = AccentColor;
				CODE_SIGN_ENTITLEMENTS = PulsedPhotonsPro/Resources/PulsedPhotonsPro.entitlements;
				CODE_SIGN_STYLE = Automatic;
				COMBINE_HIDPI_IMAGES = YES;
				CURRENT_PROJECT_VERSION = 1;
				DEVELOPMENT_TEAM = "";
				ENABLE_HARDENED_RUNTIME = YES;
				GENERATE_INFOPLIST_FILE = YES;
				INFOPLIST_FILE = PulsedPhotonsPro/Resources/Info.plist;
				INFOPLIST_KEY_LSApplicationCategoryType = "public.app-category.graphics-design";
				INFOPLIST_KEY_NSHumanReadableCopyright = "Copyright © 2026 Asad Khan. All rights reserved.";
				LD_RUNPATH_SEARCH_PATHS = (
					"$(inherited)",
					"@executable_path/../Frameworks",
				);
				MARKETING_VERSION = 1.0;
				PRODUCT_BUNDLE_IDENTIFIER = com.pulsedphotons.pro;
				PRODUCT_NAME = "$(TARGET_NAME)";
				SWIFT_EMIT_LOC_STRINGS = YES;
				SWIFT_OBJC_BRIDGING_HEADER = "PulsedPhotonsPro/Rendering/BridgingHeader.h";
				SWIFT_VERSION = 5.0;
			};
			name = Release;
		};
/* End XCBuildConfiguration section */

/* Begin XCConfigurationList section */
		A80001 /* Build configuration list for PBXNativeTarget "PulsedPhotonsPro" */ = {
			isa = XCConfigurationList;
			buildConfigurations = (
				AE0001 /* Debug */,
				AE0002 /* Release */,
			);
			defaultConfigurationIsVisible = 0;
			defaultConfigurationName = Release;
		};
		AC0001 /* Build configuration list for PBXProject "PulsedPhotonsPro" */ = {
			isa = XCConfigurationList;
			buildConfigurations = (
				AD0001 /* Debug */,
				AD0002 /* Release */,
			);
			defaultConfigurationIsVisible = 0;
			defaultConfigurationName = Release;
		};
/* End XCConfigurationList section */
	};
	rootObject = AB0001 /* Project object */;
}
